// !$*UTF8*$!
{
	archiveVersion = 1;
	classes = {
	};
	objectVersion = 50;
	objects = {

/* Begin PBXBuildFile section */
		2C002AB126E62E2700BBDB84 /* AppDelegate.swift in Sources */ = {isa = PBXBuildFile; fileRef = 2C002AB026E62E2700BBDB84 /* AppDelegate.swift */; };
		2C002AB526E62E2700BBDB84 /* ViewController.swift in Sources */ = {isa = PBXBuildFile; fileRef = 2C002AB426E62E2700BBDB84 /* ViewController.swift */; };
		2C002AB826E62E2700BBDB84 /* Main.storyboard in Resources */ = {isa = PBXBuildFile; fileRef = 2C002AB626E62E2700BBDB84 /* Main.storyboard */; };
		2C002ABA26E62E2700BBDB84 /* Assets.xcassets in Resources */ = {isa = PBXBuildFile; fileRef = 2C002AB926E62E2700BBDB84 /* Assets.xcassets */; };
		2C002ABD26E62E2700BBDB84 /* LaunchScreen.storyboard in Resources */ = {isa = PBXBuildFile; fileRef = 2C002ABB26E62E2700BBDB84 /* LaunchScreen.storyboard */; };
		2C85E5C826E7884B00C98A40 /* LifeCycle.swift in Sources */ = {isa = PBXBuildFile; fileRef = 2C85E5C726E7884B00C98A40 /* LifeCycle.swift */; };
		2C85E5CB26E788C200C98A40 /* LifeCycleTests.swift in Sources */ = {isa = PBXBuildFile; fileRef = 2C85E5CA26E788C200C98A40 /* LifeCycleTests.swift */; };
		2CBED2EE26EA121B00202DB7 /* AppLaunchTests.swift in Sources */ = {isa = PBXBuildFile; fileRef = 2CBED2ED26EA121B00202DB7 /* AppLaunchTests.swift */; };
		2CBED2F226EA15B900202DB7 /* main.swift in Sources */ = {isa = PBXBuildFile; fileRef = 2CBED2F126EA15B900202DB7 /* main.swift */; };
		2CBED2F626EA1CBD00202DB7 /* AppDelegateTests.swift in Sources */ = {isa = PBXBuildFile; fileRef = 2CBED2F526EA1CBD00202DB7 /* AppDelegateTests.swift */; };
		2CC12F4F26E902E1007CD706 /* CoveredClass.swift in Sources */ = {isa = PBXBuildFile; fileRef = 2CC12F4E26E902E1007CD706 /* CoveredClass.swift */; };
		2CC12F5226E90326007CD706 /* CoveredClassTests.swift in Sources */ = {isa = PBXBuildFile; fileRef = 2CC12F5126E90326007CD706 /* CoveredClassTests.swift */; };
/* End PBXBuildFile section */

/* Begin PBXContainerItemProxy section */
		2C002AC426E62E2700BBDB84 /* PBXContainerItemProxy */ = {
			isa = PBXContainerItemProxy;
			containerPortal = 2C002AA526E62E2700BBDB84 /* Project object */;
			proxyType = 1;
			remoteGlobalIDString = 2C002AAC26E62E2700BBDB84;
			remoteInfo = UnitTesting;
		};
/* End PBXContainerItemProxy section */

/* Begin PBXFileReference section */
		2C002AAD26E62E2700BBDB84 /* UnitTesting.app */ = {isa = PBXFileReference; explicitFileType = wrapper.application; includeInIndex = 0; path = UnitTesting.app; sourceTree = BUILT_PRODUCTS_DIR; };
		2C002AB026E62E2700BBDB84 /* AppDelegate.swift */ = {isa = PBXFileReference; lastKnownFileType = sourcecode.swift; path = AppDelegate.swift; sourceTree = "<group>"; };
		2C002AB426E62E2700BBDB84 /* ViewController.swift */ = {isa = PBXFileReference; lastKnownFileType = sourcecode.swift; path = ViewController.swift; sourceTree = "<group>"; };
		2C002AB726E62E2700BBDB84 /* Base */ = {isa = PBXFileReference; lastKnownFileType = file.storyboard; name = Base; path = Base.lproj/Main.storyboard; sourceTree = "<group>"; };
		2C002AB926E62E2700BBDB84 /* Assets.xcassets */ = {isa = PBXFileReference; lastKnownFileType = folder.assetcatalog; path = Assets.xcassets; sourceTree = "<group>"; };
		2C002ABC26E62E2700BBDB84 /* Base */ = {isa = PBXFileReference; lastKnownFileType = file.storyboard; name = Base; path = Base.lproj/LaunchScreen.storyboard; sourceTree = "<group>"; };
		2C002ABE26E62E2700BBDB84 /* Info.plist */ = {isa = PBXFileReference; lastKnownFileType = text.plist.xml; path = Info.plist; sourceTree = "<group>"; };
		2C002AC326E62E2700BBDB84 /* UnitTestingTests.xctest */ = {isa = PBXFileReference; explicitFileType = wrapper.cfbundle; includeInIndex = 0; path = UnitTestingTests.xctest; sourceTree = BUILT_PRODUCTS_DIR; };
		2C002AC926E62E2700BBDB84 /* Info.plist */ = {isa = PBXFileReference; lastKnownFileType = text.plist.xml; path = Info.plist; sourceTree = "<group>"; };
		2C85E5C726E7884B00C98A40 /* LifeCycle.swift */ = {isa = PBXFileReference; lastKnownFileType = sourcecode.swift; path = LifeCycle.swift; sourceTree = "<group>"; };
		2C85E5CA26E788C200C98A40 /* LifeCycleTests.swift */ = {isa = PBXFileReference; lastKnownFileType = sourcecode.swift; path = LifeCycleTests.swift; sourceTree = "<group>"; };
		2CBED2ED26EA121B00202DB7 /* AppLaunchTests.swift */ = {isa = PBXFileReference; lastKnownFileType = sourcecode.swift; path = AppLaunchTests.swift; sourceTree = "<group>"; };
		2CBED2F126EA15B900202DB7 /* main.swift */ = {isa = PBXFileReference; lastKnownFileType = sourcecode.swift; path = main.swift; sourceTree = "<group>"; };
		2CBED2F526EA1CBD00202DB7 /* AppDelegateTests.swift */ = {isa = PBXFileReference; fileEncoding = 4; lastKnownFileType = sourcecode.swift; path = AppDelegateTests.swift; sourceTree = "<group>"; };
		2CC12F4E26E902E1007CD706 /* CoveredClass.swift */ = {isa = PBXFileReference; lastKnownFileType = sourcecode.swift; path = CoveredClass.swift; sourceTree = "<group>"; };
		2CC12F5126E90326007CD706 /* CoveredClassTests.swift */ = {isa = PBXFileReference; lastKnownFileType = sourcecode.swift; path = CoveredClassTests.swift; sourceTree = "<group>"; };
/* End PBXFileReference section */

/* Begin PBXFrameworksBuildPhase section */
		2C002AAA26E62E2700BBDB84 /* Frameworks */ = {
			isa = PBXFrameworksBuildPhase;
			buildActionMask = 2147483647;
			files = (
			);
			runOnlyForDeploymentPostprocessing = 0;
		};
		2C002AC026E62E2700BBDB84 /* Frameworks */ = {
			isa = PBXFrameworksBuildPhase;
			buildActionMask = 2147483647;
			files = (
			);
			runOnlyForDeploymentPostprocessing = 0;
		};
/* End PBXFrameworksBuildPhase section */

/* Begin PBXGroup section */
		2C002AA426E62E2700BBDB84 = {
			isa = PBXGroup;
			children = (
				2C002AAF26E62E2700BBDB84 /* UnitTesting */,
				2C002AC626E62E2700BBDB84 /* UnitTestingTests */,
				2C002AAE26E62E2700BBDB84 /* Products */,
			);
			sourceTree = "<group>";
		};
		2C002AAE26E62E2700BBDB84 /* Products */ = {
			isa = PBXGroup;
			children = (
				2C002AAD26E62E2700BBDB84 /* UnitTesting.app */,
				2C002AC326E62E2700BBDB84 /* UnitTestingTests.xctest */,
			);
			name = Products;
			sourceTree = "<group>";
		};
		2C002AAF26E62E2700BBDB84 /* UnitTesting */ = {
			isa = PBXGroup;
			children = (
				2CC12F4D26E902D0007CD706 /* CoveredClass */,
				2C85E5C626E7883E00C98A40 /* LifeCycle */,
				2CBED2F126EA15B900202DB7 /* main.swift */,
				2C002AB026E62E2700BBDB84 /* AppDelegate.swift */,
				2C002AB426E62E2700BBDB84 /* ViewController.swift */,
				2C002AB626E62E2700BBDB84 /* Main.storyboard */,
				2C002AB926E62E2700BBDB84 /* Assets.xcassets */,
				2C002ABB26E62E2700BBDB84 /* LaunchScreen.storyboard */,
				2C002ABE26E62E2700BBDB84 /* Info.plist */,
			);
			path = UnitTesting;
			sourceTree = "<group>";
		};
		2C002AC626E62E2700BBDB84 /* UnitTestingTests */ = {
			isa = PBXGroup;
			children = (
				2CBED2F526EA1CBD00202DB7 /* AppDelegateTests.swift */,
				2CBED2EC26EA11F900202DB7 /* AppLaunchTests */,
				2CC12F5026E90319007CD706 /* CoveredClassTests */,
				2C85E5C926E788AD00C98A40 /* LifeCycleTests */,
				2C002AC926E62E2700BBDB84 /* Info.plist */,
			);
			path = UnitTestingTests;
			sourceTree = "<group>";
		};
		2C85E5C626E7883E00C98A40 /* LifeCycle */ = {
			isa = PBXGroup;
			children = (
				2C85E5C726E7884B00C98A40 /* LifeCycle.swift */,
			);
			path = LifeCycle;
			sourceTree = "<group>";
		};
		2C85E5C926E788AD00C98A40 /* LifeCycleTests */ = {
			isa = PBXGroup;
			children = (
				2C85E5CA26E788C200C98A40 /* LifeCycleTests.swift */,
			);
			path = LifeCycleTests;
			sourceTree = "<group>";
		};
		2CBED2EC26EA11F900202DB7 /* AppLaunchTests */ = {
			isa = PBXGroup;
			children = (
				2CBED2ED26EA121B00202DB7 /* AppLaunchTests.swift */,
			);
			path = AppLaunchTests;
			sourceTree = "<group>";
		};
		2CC12F4D26E902D0007CD706 /* CoveredClass */ = {
			isa = PBXGroup;
			children = (
				2CC12F4E26E902E1007CD706 /* CoveredClass.swift */,
			);
			path = CoveredClass;
			sourceTree = "<group>";
		};
		2CC12F5026E90319007CD706 /* CoveredClassTests */ = {
			isa = PBXGroup;
			children = (
				2CC12F5126E90326007CD706 /* CoveredClassTests.swift */,
			);
			path = CoveredClassTests;
			sourceTree = "<group>";
		};
/* End PBXGroup section */

/* Begin PBXNativeTarget section */
		2C002AAC26E62E2700BBDB84 /* UnitTesting */ = {
			isa = PBXNativeTarget;
			buildConfigurationList = 2C002AD726E62E2800BBDB84 /* Build configuration list for PBXNativeTarget "UnitTesting" */;
			buildPhases = (
				2C002AA926E62E2700BBDB84 /* Sources */,
				2C002AAA26E62E2700BBDB84 /* Frameworks */,
				2C002AAB26E62E2700BBDB84 /* Resources */,
			);
			buildRules = (
			);
			dependencies = (
			);
			name = UnitTesting;
			productName = UnitTesting;
			productReference = 2C002AAD26E62E2700BBDB84 /* UnitTesting.app */;
			productType = "com.apple.product-type.application";
		};
		2C002AC226E62E2700BBDB84 /* UnitTestingTests */ = {
			isa = PBXNativeTarget;
			buildConfigurationList = 2C002ADA26E62E2800BBDB84 /* Build configuration list for PBXNativeTarget "UnitTestingTests" */;
			buildPhases = (
				2C002ABF26E62E2700BBDB84 /* Sources */,
				2C002AC026E62E2700BBDB84 /* Frameworks */,
				2C002AC126E62E2700BBDB84 /* Resources */,
			);
			buildRules = (
			);
			dependencies = (
				2C002AC526E62E2700BBDB84 /* PBXTargetDependency */,
			);
			name = UnitTestingTests;
			productName = UnitTestingTests;
			productReference = 2C002AC326E62E2700BBDB84 /* UnitTestingTests.xctest */;
			productType = "com.apple.product-type.bundle.unit-test";
		};
/* End PBXNativeTarget section */

/* Begin PBXProject section */
		2C002AA526E62E2700BBDB84 /* Project object */ = {
			isa = PBXProject;
			attributes = {
				LastSwiftUpdateCheck = 1250;
				LastUpgradeCheck = 1250;
				TargetAttributes = {
					2C002AAC26E62E2700BBDB84 = {
						CreatedOnToolsVersion = 12.5;
					};
					2C002AC226E62E2700BBDB84 = {
						CreatedOnToolsVersion = 12.5;
						TestTargetID = 2C002AAC26E62E2700BBDB84;
					};
				};
			};
			buildConfigurationList = 2C002AA826E62E2700BBDB84 /* Build configuration list for PBXProject "UnitTesting" */;
			compatibilityVersion = "Xcode 9.3";
			developmentRegion = en;
			hasScannedForEncodings = 0;
			knownRegions = (
				en,
				Base,
			);
			mainGroup = 2C002AA426E62E2700BBDB84;
			productRefGroup = 2C002AAE26E62E2700BBDB84 /* Products */;
			projectDirPath = "";
			projectRoot = "";
			targets = (
				2C002AAC26E62E2700BBDB84 /* UnitTesting */,
				2C002AC226E62E2700BBDB84 /* UnitTestingTests */,
			);
		};
/* End PBXProject section */

/* Begin PBXResourcesBuildPhase section */
		2C002AAB26E62E2700BBDB84 /* Resources */ = {
			isa = PBXResourcesBuildPhase;
			buildActionMask = 2147483647;
			files = (
				2C002ABD26E62E2700BBDB84 /* LaunchScreen.storyboard in Resources */,
				2C002ABA26E62E2700BBDB84 /* Assets.xcassets in Resources */,
				2C002AB826E62E2700BBDB84 /* Main.storyboard in Resources */,
			);
			runOnlyForDeploymentPostprocessing = 0;
		};
		2C002AC126E62E2700BBDB84 /* Resources */ = {
			isa = PBXResourcesBuildPhase;
			buildActionMask = 2147483647;
			files = (
			);
			runOnlyForDeploymentPostprocessing = 0;
		};
/* End PBXResourcesBuildPhase section */

/* Begin PBXSourcesBuildPhase section */
		2C002AA926E62E2700BBDB84 /* Sources */ = {
			isa = PBXSourcesBuildPhase;
			buildActionMask = 2147483647;
			files = (
				2C002AB526E62E2700BBDB84 /* ViewController.swift in Sources */,
				2CBED2F226EA15B900202DB7 /* main.swift in Sources */,
				2C002AB126E62E2700BBDB84 /* AppDelegate.swift in Sources */,
				2C85E5C826E7884B00C98A40 /* LifeCycle.swift in Sources */,
				2CC12F4F26E902E1007CD706 /* CoveredClass.swift in Sources */,
			);
			runOnlyForDeploymentPostprocessing = 0;
		};
		2C002ABF26E62E2700BBDB84 /* Sources */ = {
			isa = PBXSourcesBuildPhase;
			buildActionMask = 2147483647;
			files = (
				2CBED2F626EA1CBD00202DB7 /* AppDelegateTests.swift in Sources */,
				2CBED2EE26EA121B00202DB7 /* AppLaunchTests.swift in Sources */,
				2C85E5CB26E788C200C98A40 /* LifeCycleTests.swift in Sources */,
				2CC12F5226E90326007CD706 /* CoveredClassTests.swift in Sources */,
			);
			runOnlyForDeploymentPostprocessing = 0;
		};
/* End PBXSourcesBuildPhase section */

/* Begin PBXTargetDependency section */
		2C002AC526E62E2700BBDB84 /* PBXTargetDependency */ = {
			isa = PBXTargetDependency;
			target = 2C002AAC26E62E2700BBDB84 /* UnitTesting */;
			targetProxy = 2C002AC426E62E2700BBDB84 /* PBXContainerItemProxy */;
		};
/* End PBXTargetDependency section */

/* Begin PBXVariantGroup section */
		2C002AB626E62E2700BBDB84 /* Main.storyboard */ = {
			isa = PBXVariantGroup;
			children = (
				2C002AB726E62E2700BBDB84 /* Base */,
			);
			name = Main.storyboard;
			sourceTree = "<group>";
		};
		2C002ABB26E62E2700BBDB84 /* LaunchScreen.storyboard */ = {
			isa = PBXVariantGroup;
			children = (
				2C002ABC26E62E2700BBDB84 /* Base */,
			);
			name = LaunchScreen.storyboard;
			sourceTree = "<group>";
		};
/* End PBXVariantGroup section */

/* Begin XCBuildConfiguration section */
		2C002AD526E62E2800BBDB84 /* Debug */ = {
			isa = XCBuildConfiguration;
			buildSettings = {
				ALWAYS_SEARCH_USER_PATHS = NO;
				CLANG_ANALYZER_NONNULL = YES;
				CLANG_ANALYZER_NUMBER_OBJECT_CONVERSION = YES_AGGRESSIVE;
				CLANG_CXX_LANGUAGE_STANDARD = "gnu++14";
				CLANG_CXX_LIBRARY = "libc++";
				CLANG_ENABLE_MODULES = YES;
				CLANG_ENABLE_OBJC_ARC = YES;
				CLANG_ENABLE_OBJC_WEAK = YES;
				CLANG_WARN_BLOCK_CAPTURE_AUTORELEASING = YES;
				CLANG_WARN_BOOL_CONVERSION = YES;
				CLANG_WARN_COMMA = YES;
				CLANG_WARN_CONSTANT_CONVERSION = YES;
				CLANG_WARN_DEPRECATED_OBJC_IMPLEMENTATIONS = YES;
				CLANG_WARN_DIRECT_OBJC_ISA_USAGE = YES_ERROR;
				CLANG_WARN_DOCUMENTATION_COMMENTS = YES;
				CLANG_WARN_EMPTY_BODY = YES;
				CLANG_WARN_ENUM_CONVERSION = YES;
				CLANG_WARN_INFINITE_RECURSION = YES;
				CLANG_WARN_INT_CONVERSION = YES;
				CLANG_WARN_NON_LITERAL_NULL_CONVERSION = YES;
				CLANG_WARN_OBJC_IMPLICIT_RETAIN_SELF = YES;
				CLANG_WARN_OBJC_LITERAL_CONVERSION = YES;
				CLANG_WARN_OBJC_ROOT_CLASS = YES_ERROR;
				CLANG_WARN_QUOTED_INCLUDE_IN_FRAMEWORK_HEADER = YES;
				CLANG_WARN_RANGE_LOOP_ANALYSIS = YES;
				CLANG_WARN_STRICT_PROTOTYPES = YES;
				CLANG_WARN_SUSPICIOUS_MOVE = YES;
				CLANG_WARN_UNGUARDED_AVAILABILITY = YES_AGGRESSIVE;
				CLANG_WARN_UNREACHABLE_CODE = YES;
				CLANG_WARN__DUPLICATE_METHOD_MATCH = YES;
				COPY_PHASE_STRIP = NO;
				DEBUG_INFORMATION_FORMAT = dwarf;
				ENABLE_STRICT_OBJC_MSGSEND = YES;
				ENABLE_TESTABILITY = YES;
				GCC_C_LANGUAGE_STANDARD = gnu11;
				GCC_DYNAMIC_NO_PIC = NO;
				GCC_NO_COMMON_BLOCKS = YES;
				GCC_OPTIMIZATION_LEVEL = 0;
				GCC_PREPROCESSOR_DEFINITIONS = (
					"DEBUG=1",
					"$(inherited)",
				);
				GCC_WARN_64_TO_32_BIT_CONVERSION = YES;
				GCC_WARN_ABOUT_RETURN_TYPE = YES_ERROR;
				GCC_WARN_UNDECLARED_SELECTOR = YES;
				GCC_WARN_UNINITIALIZED_AUTOS = YES_AGGRESSIVE;
				GCC_WARN_UNUSED_FUNCTION = YES;
				GCC_WARN_UNUSED_VARIABLE = YES;
				IPHONEOS_DEPLOYMENT_TARGET = 14.5;
				MTL_ENABLE_DEBUG_INFO = INCLUDE_SOURCE;
				MTL_FAST_MATH = YES;
				ONLY_ACTIVE_ARCH = YES;
				SDKROOT = iphoneos;
				SWIFT_ACTIVE_COMPILATION_CONDITIONS = DEBUG;
				SWIFT_OPTIMIZATION_LEVEL = "-Onone";
			};
			name = Debug;
		};
		2C002AD626E62E2800BBDB84 /* Release */ = {
			isa = XCBuildConfiguration;
			buildSettings = {
				ALWAYS_SEARCH_USER_PATHS = NO;
				CLANG_ANALYZER_NONNULL = YES;
				CLANG_ANALYZER_NUMBER_OBJECT_CONVERSION = YES_AGGRESSIVE;
				CLANG_CXX_LANGUAGE_STANDARD = "gnu++14";
				CLANG_CXX_LIBRARY = "libc++";
				CLANG_ENABLE_MODULES = YES;
				CLANG_ENABLE_OBJC_ARC = YES;
				CLANG_ENABLE_OBJC_WEAK = YES;
				CLANG_WARN_BLOCK_CAPTURE_AUTORELEASING = YES;
				CLANG_WARN_BOOL_CONVERSION = YES;
				CLANG_WARN_COMMA = YES;
				CLANG_WARN_CONSTANT_CONVERSION = YES;
				CLANG_WARN_DEPRECATED_OBJC_IMPLEMENTATIONS = YES;
				CLANG_WARN_DIRECT_OBJC_ISA_USAGE = YES_ERROR;
				CLANG_WARN_DOCUMENTATION_COMMENTS = YES;
				CLANG_WARN_EMPTY_BODY = YES;
				CLANG_WARN_ENUM_CONVERSION = YES;
				CLANG_WARN_INFINITE_RECURSION = YES;
				CLANG_WARN_INT_CONVERSION = YES;
				CLANG_WARN_NON_LITERAL_NULL_CONVERSION = YES;
				CLANG_WARN_OBJC_IMPLICIT_RETAIN_SELF = YES;
				CLANG_WARN_OBJC_LITERAL_CONVERSION = YES;
				CLANG_WARN_OBJC_ROOT_CLASS = YES_ERROR;
				CLANG_WARN_QUOTED_INCLUDE_IN_FRAMEWORK_HEADER = YES;
				CLANG_WARN_RANGE_LOOP_ANALYSIS = YES;
				CLANG_WARN_STRICT_PROTOTYPES = YES;
				CLANG_WARN_SUSPICIOUS_MOVE = YES;
				CLANG_WARN_UNGUARDED_AVAILABILITY = YES_AGGRESSIVE;
				CLANG_WARN_UNREACHABLE_CODE = YES;
				CLANG_WARN__DUPLICATE_METHOD_MATCH = YES;
				COPY_PHASE_STRIP = NO;
				DEBUG_INFORMATION_FORMAT = "dwarf-with-dsym";
				ENABLE_NS_ASSERTIONS = NO;
				ENABLE_STRICT_OBJC_MSGSEND = YES;
				GCC_C_LANGUAGE_STANDARD = gnu11;
				GCC_NO_COMMON_BLOCKS = YES;
				GCC_WARN_64_TO_32_BIT_CONVERSION = YES;
				GCC_WARN_ABOUT_RETURN_TYPE = YES_ERROR;
				GCC_WARN_UNDECLARED_SELECTOR = YES;
				GCC_WARN_UNINITIALIZED_AUTOS = YES_AGGRESSIVE;
				GCC_WARN_UNUSED_FUNCTION = YES;
				GCC_WARN_UNUSED_VARIABLE = YES;
				IPHONEOS_DEPLOYMENT_TARGET = 14.5;
				MTL_ENABLE_DEBUG_INFO = NO;
				MTL_FAST_MATH = YES;
				SDKROOT = iphoneos;
				SWIFT_COMPILATION_MODE = wholemodule;
				SWIFT_OPTIMIZATION_LEVEL = "-O";
				VALIDATE_PRODUCT = YES;
			};
			name = Release;
		};
		2C002AD826E62E2800BBDB84 /* Debug */ = {
			isa = XCBuildConfiguration;
			buildSettings = {
				ASSETCATALOG_COMPILER_APPICON_NAME = AppIcon;
				ASSETCATALOG_COMPILER_GLOBAL_ACCENT_COLOR_NAME = AccentColor;
				CODE_SIGN_STYLE = Automatic;
				INFOPLIST_FILE = UnitTesting/Info.plist;
				LD_RUNPATH_SEARCH_PATHS = (
					"$(inherited)",
					"@executable_path/Frameworks",
				);
				PRODUCT_BUNDLE_IDENTIFIER = cd.UnitTesting;
				PRODUCT_NAME = "$(TARGET_NAME)";
				SWIFT_VERSION = 5.0;
				TARGETED_DEVICE_FAMILY = "1,2";
			};
			name = Debug;
		};
		2C002AD926E62E2800BBDB84 /* Release */ = {
			isa = XCBuildConfiguration;
			buildSettings = {
				ASSETCATALOG_COMPILER_APPICON_NAME = AppIcon;
				ASSETCATALOG_COMPILER_GLOBAL_ACCENT_COLOR_NAME = AccentColor;
				CODE_SIGN_STYLE = Automatic;
				INFOPLIST_FILE = UnitTesting/Info.plist;
				LD_RUNPATH_SEARCH_PATHS = (
					"$(inherited)",
					"@executable_path/Frameworks",
				);
				PRODUCT_BUNDLE_IDENTIFIER = cd.UnitTesting;
				PRODUCT_NAME = "$(TARGET_NAME)";
				SWIFT_VERSION = 5.0;
				TARGETED_DEVICE_FAMILY = "1,2";
			};
			name = Release;
		};
		2C002ADB26E62E2800BBDB84 /* Debug */ = {
			isa = XCBuildConfiguration;
			buildSettings = {
				ALWAYS_EMBED_SWIFT_STANDARD_LIBRARIES = YES;
				BUNDLE_LOADER = "$(TEST_HOST)";
				CODE_SIGN_STYLE = Automatic;
				INFOPLIST_FILE = UnitTestingTests/Info.plist;
				IPHONEOS_DEPLOYMENT_TARGET = 14.5;
				LD_RUNPATH_SEARCH_PATHS = (
					"$(inherited)",
					"@executable_path/Frameworks",
					"@loader_path/Frameworks",
				);
				PRODUCT_BUNDLE_IDENTIFIER = cd.UnitTestingTests;
				PRODUCT_NAME = "$(TARGET_NAME)";
				SWIFT_VERSION = 5.0;
				TARGETED_DEVICE_FAMILY = "1,2";
				TEST_HOST = "$(BUILT_PRODUCTS_DIR)/UnitTesting.app/UnitTesting";
			};
			name = Debug;
		};
		2C002ADC26E62E2800BBDB84 /* Release */ = {
			isa = XCBuildConfiguration;
			buildSettings = {
				ALWAYS_EMBED_SWIFT_STANDARD_LIBRARIES = YES;
				BUNDLE_LOADER = "$(TEST_HOST)";
				CODE_SIGN_STYLE = Automatic;
				INFOPLIST_FILE = UnitTestingTests/Info.plist;
				IPHONEOS_DEPLOYMENT_TARGET = 14.5;
				LD_RUNPATH_SEARCH_PATHS = (
					"$(inherited)",
					"@executable_path/Frameworks",
					"@loader_path/Frameworks",
				);
				PRODUCT_BUNDLE_IDENTIFIER = cd.UnitTestingTests;
				PRODUCT_NAME = "$(TARGET_NAME)";
				SWIFT_VERSION = 5.0;
				TARGETED_DEVICE_FAMILY = "1,2";
				TEST_HOST = "$(BUILT_PRODUCTS_DIR)/UnitTesting.app/UnitTesting";
			};
			name = Release;
		};
/* End XCBuildConfiguration section */

/* Begin XCConfigurationList section */
		2C002AA826E62E2700BBDB84 /* Build configuration list for PBXProject "UnitTesting" */ = {
			isa = XCConfigurationList;
			buildConfigurations = (
				2C002AD526E62E2800BBDB84 /* Debug */,
				2C002AD626E62E2800BBDB84 /* Release */,
			);
			defaultConfigurationIsVisible = 0;
			defaultConfigurationName = Release;
		};
		2C002AD726E62E2800BBDB84 /* Build configuration list for PBXNativeTarget "UnitTesting" */ = {
			isa = XCConfigurationList;
			buildConfigurations = (
				2C002AD826E62E2800BBDB84 /* Debug */,
				2C002AD926E62E2800BBDB84 /* Release */,
			);
			defaultConfigurationIsVisible = 0;
			defaultConfigurationName = Release;
		};
		2C002ADA26E62E2800BBDB84 /* Build configuration list for PBXNativeTarget "UnitTestingTests" */ = {
			isa = XCConfigurationList;
			buildConfigurations = (
				2C002ADB26E62E2800BBDB84 /* Debug */,
				2C002ADC26E62E2800BBDB84 /* Release */,
			);
			defaultConfigurationIsVisible = 0;
			defaultConfigurationName = Release;
		};
/* End XCConfigurationList section */
	};
	rootObject = 2C002AA526E62E2700BBDB84 /* Project object */;
}
